<?xml version="1.0" encoding="utf-8"?>
<Project ToolsVersion="4.0" xmlns="http://schemas.microsoft.com/developer/msbuild/2003">
  <ItemGroup>
    <Filter Include="Adakite">
      <UniqueIdentifier>{B8ACA47F-248C-231B-2DA4-AEF199028A7C}</UniqueIdentifier>
    </Filter>
  </ItemGroup>
  <ItemGroup>
    <ClInclude Include="src\Adakite.h" />
    <ClInclude Include="src\Adakite\Application.h">
      <Filter>Adakite</Filter>
    </ClInclude>
    <ClInclude Include="src\Adakite\Core.h">
      <Filter>Adakite</Filter>
    </ClInclude>
    <ClInclude Include="src\Adakite\EntryPoint.h">
      <Filter>Adakite</Filter>
    </ClInclude>
    <ClInclude Include="src\Adakite\Log.h">
      <Filter>Adakite</Filter>
    </ClInclude>
  </ItemGroup>
  <ItemGroup>
    <ClCompile Include="src\Adakite\Application.cpp">
      <Filter>Adakite</Filter>
    </ClCompile>
    <ClCompile Include="src\Adakite\Log.cpp">
      <Filter>Adakite</Filter>
    </ClCompile>
  </ItemGroup>
</Project>